
Microsoft Visual Studio Solution File, Format Version 12.00
# Visual Studio Version 17
VisualStudioVersion = 17.9.34723.18
MinimumVisualStudioVersion = 10.0.40219.1
Project("{FAE04EC0-301F-11D3-BF4B-00C04F79EFBC}") = "WordFinder", "WordFinder.csproj", "{9564DDEB-E23A-44D6-91AA-FAE74D4D18D3}"
EndProject
Global
	GlobalSection(SolutionConfigurationPlatforms) = preSolution
		Debug|Any CPU = Debug|Any CPU
		Release|Any CPU = Release|Any CPU
	EndGlobalSection
	GlobalSection(ProjectConfigurationPlatforms) = postSolution
		{9564DDEB-E23A-44D6-91AA-FAE74D4D18D3}.Debug|Any CPU.ActiveCfg = Debug|Any CPU
		{9564DDEB-E23A-44D6-91AA-FAE74D4D18D3}.Debug|Any CPU.Build.0 = Debug|Any CPU
		{9564DDEB-E23A-44D6-91AA-FAE74D4D18D3}.Release|Any CPU.ActiveCfg = Release|Any CPU
		{9564DDEB-E23A-44D6-91AA-FAE74D4D18D3}.Release|Any CPU.Build.0 = Release|Any CPU
	EndGlobalSection
	GlobalSection(SolutionProperties) = preSolution
		HideSolutionNode = FALSE
	EndGlobalSection
	GlobalSection(ExtensibilityGlobals) = postSolution
		SolutionGuid = {8D8BFB15-C791-4E84-9C62-1C266DF67111}
	EndGlobalSection
EndGlobal
